// !$*UTF8*$!
{
	archiveVersion = 1;
	classes = {
	};
	objectVersion = 50;
	objects = {

/* Begin PBXBuildFile section */
		E65BDACF20E4B9780045BFBF /* AppDelegate.swift in Sources */ = {isa = PBXBuildFile; fileRef = E65BDACE20E4B9780045BFBF /* AppDelegate.swift */; };
		E65BDAD120E4B9780045BFBF /* ViewController.swift in Sources */ = {isa = PBXBuildFile; fileRef = E65BDAD020E4B9780045BFBF /* ViewController.swift */; };
		E65BDAD420E4B9780045BFBF /* Main.storyboard in Resources */ = {isa = PBXBuildFile; fileRef = E65BDAD220E4B9780045BFBF /* Main.storyboard */; };
		E65BDAD620E4B9790045BFBF /* Assets.xcassets in Resources */ = {isa = PBXBuildFile; fileRef = E65BDAD520E4B9790045BFBF /* Assets.xcassets */; };
		E65BDAD920E4B9790045BFBF /* LaunchScreen.storyboard in Resources */ = {isa = PBXBuildFile; fileRef = E65BDAD720E4B9790045BFBF /* LaunchScreen.storyboard */; };
		E6846E2C20ECB5ED00CD12E3 /* DetailViewController.swift in Sources */ = {isa = PBXBuildFile; fileRef = E6846E2A20ECB5ED00CD12E3 /* DetailViewController.swift */; };
		E6846E2D20ECB5ED00CD12E3 /* DetailViewController.xib in Resources */ = {isa = PBXBuildFile; fileRef = E6846E2B20ECB5ED00CD12E3 /* DetailViewController.xib */; };
		E6846E3020ECB7FA00CD12E3 /* MyCell.swift in Sources */ = {isa = PBXBuildFile; fileRef = E6846E2E20ECB7FA00CD12E3 /* MyCell.swift */; };
		E6846E3120ECB7FA00CD12E3 /* MyCell.xib in Resources */ = {isa = PBXBuildFile; fileRef = E6846E2F20ECB7FA00CD12E3 /* MyCell.xib */; };
/* End PBXBuildFile section */

/* Begin PBXFileReference section */
		E65BDACB20E4B9780045BFBF /* asd.app */ = {isa = PBXFileReference; explicitFileType = wrapper.application; includeInIndex = 0; path = asd.app; sourceTree = BUILT_PRODUCTS_DIR; };
		E65BDACE20E4B9780045BFBF /* AppDelegate.swift */ = {isa = PBXFileReference; lastKnownFileType = sourcecode.swift; path = AppDelegate.swift; sourceTree = "<group>"; };
		E65BDAD020E4B9780045BFBF /* ViewController.swift */ = {isa = PBXFileReference; lastKnownFileType = sourcecode.swift; path = ViewController.swift; sourceTree = "<group>"; };
		E65BDAD320E4B9780045BFBF /* Base */ = {isa = PBXFileReference; lastKnownFileType = file.storyboard; name = Base; path = Base.lproj/Main.storyboard; sourceTree = "<group>"; };
		E65BDAD520E4B9790045BFBF /* Assets.xcassets */ = {isa = PBXFileReference; lastKnownFileType = folder.assetcatalog; path = Assets.xcassets; sourceTree = "<group>"; };
		E65BDAD820E4B9790045BFBF /* Base */ = {isa = PBXFileReference; lastKnownFileType = file.storyboard; name = Base; path = Base.lproj/LaunchScreen.storyboard; sourceTree = "<group>"; };
		E65BDADA20E4B9790045BFBF /* Info.plist */ = {isa = PBXFileReference; lastKnownFileType = text.plist.xml; path = Info.plist; sourceTree = "<group>"; };
		E6846E2A20ECB5ED00CD12E3 /* DetailViewController.swift */ = {isa = PBXFileReference; lastKnownFileType = sourcecode.swift; path = DetailViewController.swift; sourceTree = "<group>"; };
		E6846E2B20ECB5ED00CD12E3 /* DetailViewController.xib */ = {isa = PBXFileReference; lastKnownFileType = file.xib; path = DetailViewController.xib; sourceTree = "<group>"; };
		E6846E2E20ECB7FA00CD12E3 /* MyCell.swift */ = {isa = PBXFileReference; lastKnownFileType = sourcecode.swift; path = MyCell.swift; sourceTree = "<group>"; };
		E6846E2F20ECB7FA00CD12E3 /* MyCell.xib */ = {isa = PBXFileReference; lastKnownFileType = file.xib; path = MyCell.xib; sourceTree = "<group>"; };
/* End PBXFileReference section */

/* Begin PBXFrameworksBuildPhase section */
		E65BDAC820E4B9780045BFBF /* Frameworks */ = {
			isa = PBXFrameworksBuildPhase;
			buildActionMask = 2147483647;
			files = (
			);
			runOnlyForDeploymentPostprocessing = 0;
		};
/* End PBXFrameworksBuildPhase section */

/* Begin PBXGroup section */
		E65BDAC220E4B9780045BFBF = {
			isa = PBXGroup;
			children = (
				E65BDACD20E4B9780045BFBF /* asd */,
				E65BDACC20E4B9780045BFBF /* Products */,
			);
			sourceTree = "<group>";
		};
		E65BDACC20E4B9780045BFBF /* Products */ = {
			isa = PBXGroup;
			children = (
				E65BDACB20E4B9780045BFBF /* asd.app */,
			);
			name = Products;
			sourceTree = "<group>";
		};
		E65BDACD20E4B9780045BFBF /* asd */ = {
			isa = PBXGroup;
			children = (
				E65BDACE20E4B9780045BFBF /* AppDelegate.swift */,
				E65BDAD020E4B9780045BFBF /* ViewController.swift */,
				E65BDAD220E4B9780045BFBF /* Main.storyboard */,
				E65BDAD520E4B9790045BFBF /* Assets.xcassets */,
				E65BDAD720E4B9790045BFBF /* LaunchScreen.storyboard */,
				E65BDADA20E4B9790045BFBF /* Info.plist */,
				E6846E2A20ECB5ED00CD12E3 /* DetailViewController.swift */,
				E6846E2B20ECB5ED00CD12E3 /* DetailViewController.xib */,
				E6846E2E20ECB7FA00CD12E3 /* MyCell.swift */,
				E6846E2F20ECB7FA00CD12E3 /* MyCell.xib */,
			);
			path = asd;
			sourceTree = "<group>";
		};
/* End PBXGroup section */

/* Begin PBXNativeTarget section */
		E65BDACA20E4B9780045BFBF /* asd */ = {
			isa = PBXNativeTarget;
			buildConfigurationList = E65BDADD20E4B9790045BFBF /* Build configuration list for PBXNativeTarget "asd" */;
			buildPhases = (
				E65BDAC720E4B9780045BFBF /* Sources */,
				E65BDAC820E4B9780045BFBF /* Frameworks */,
				E65BDAC920E4B9780045BFBF /* Resources */,
			);
			buildRules = (
			);
			dependencies = (
			);
			name = asd;
			productName = asd;
			productReference = E65BDACB20E4B9780045BFBF /* asd.app */;
			productType = "com.apple.product-type.application";
		};
/* End PBXNativeTarget section */

/* Begin PBXProject section */
		E65BDAC320E4B9780045BFBF /* Project object */ = {
			isa = PBXProject;
			attributes = {
				LastSwiftUpdateCheck = 0940;
				LastUpgradeCheck = 0940;
				ORGANIZATIONNAME = Zein;
				TargetAttributes = {
					E65BDACA20E4B9780045BFBF = {
						CreatedOnToolsVersion = 9.4;
					};
				};
			};
			buildConfigurationList = E65BDAC620E4B9780045BFBF /* Build configuration list for PBXProject "asd" */;
			compatibilityVersion = "Xcode 9.3";
			developmentRegion = en;
			hasScannedForEncodings = 0;
			knownRegions = (
				en,
				Base,
			);
			mainGroup = E65BDAC220E4B9780045BFBF;
			productRefGroup = E65BDACC20E4B9780045BFBF /* Products */;
			projectDirPath = "";
			projectRoot = "";
			targets = (
				E65BDACA20E4B9780045BFBF /* asd */,
			);
		};
/* End PBXProject section */

/* Begin PBXResourcesBuildPhase section */
		E65BDAC920E4B9780045BFBF /* Resources */ = {
			isa = PBXResourcesBuildPhase;
			buildActionMask = 2147483647;
			files = (
				E65BDAD920E4B9790045BFBF /* LaunchScreen.storyboard in Resources */,
				E65BDAD620E4B9790045BFBF /* Assets.xcassets in Resources */,
				E65BDAD420E4B9780045BFBF /* Main.storyboard in Resources */,
				E6846E2D20ECB5ED00CD12E3 /* DetailViewController.xib in Resources */,
				E6846E3120ECB7FA00CD12E3 /* MyCell.xib in Resources */,
			);
			runOnlyForDeploymentPostprocessing = 0;
		};
/* End PBXResourcesBuildPhase section */

/* Begin PBXSourcesBuildPhase section */
		E65BDAC720E4B9780045BFBF /* Sources */ = {
			isa = PBXSourcesBuildPhase;
			buildActionMask = 2147483647;
			files = (
				E6846E2C20ECB5ED00CD12E3 /* DetailViewController.swift in Sources */,
				E6846E3020ECB7FA00CD12E3 /* MyCell.swift in Sources */,
				E65BDAD120E4B9780045BFBF /* ViewController.swift in Sources */,
				E65BDACF20E4B9780045BFBF /* AppDelegate.swift in Sources */,
			);
			runOnlyForDeploymentPostprocessing = 0;
		};
/* End PBXSourcesBuildPhase section */

/* Begin PBXVariantGroup section */
		E65BDAD220E4B9780045BFBF /* Main.storyboard */ = {
			isa = PBXVariantGroup;
			children = (
				E65BDAD320E4B9780045BFBF /* Base */,
			);
			name = Main.storyboard;
			sourceTree = "<group>";
		};
		E65BDAD720E4B9790045BFBF /* LaunchScreen.storyboard */ = {
			isa = PBXVariantGroup;
			children = (
				E65BDAD820E4B9790045BFBF /* Base */,
			);
			name = LaunchScreen.storyboard;
			sourceTree = "<group>";
		};
/* End PBXVariantGroup section */

/* Begin XCBuildConfiguration section */
		E65BDADB20E4B9790045BFBF /* Debug */ = {
			isa = XCBuildConfiguration;
			buildSettings = {
				ALWAYS_SEARCH_USER_PATHS = NO;
				CLANG_ANALYZER_NONNULL = YES;
				CLANG_ANALYZER_NUMBER_OBJECT_CONVERSION = YES_AGGRESSIVE;
				CLANG_CXX_LANGUAGE_STANDARD = "gnu++14";
				CLANG_CXX_LIBRARY = "libc++";
				CLANG_ENABLE_MODULES = YES;
				CLANG_ENABLE_OBJC_ARC = YES;
				CLANG_ENABLE_OBJC_WEAK = YES;
				CLANG_WARN_BLOCK_CAPTURE_AUTORELEASING = YES;
				CLANG_WARN_BOOL_CONVERSION = YES;
				CLANG_WARN_COMMA = YES;
				CLANG_WARN_CONSTANT_CONVERSION = YES;
				CLANG_WARN_DEPRECATED_OBJC_IMPLEMENTATIONS = YES;
				CLANG_WARN_DIRECT_OBJC_ISA_USAGE = YES_ERROR;
				CLANG_WARN_DOCUMENTATION_COMMENTS = YES;
				CLANG_WARN_EMPTY_BODY = YES;
				CLANG_WARN_ENUM_CONVERSION = YES;
				CLANG_WARN_INFINITE_RECURSION = YES;
				CLANG_WARN_INT_CONVERSION = YES;
				CLANG_WARN_NON_LITERAL_NULL_CONVERSION = YES;
				CLANG_WARN_OBJC_IMPLICIT_RETAIN_SELF = YES;
				CLANG_WARN_OBJC_LITERAL_CONVERSION = YES;
				CLANG_WARN_OBJC_ROOT_CLASS = YES_ERROR;
				CLANG_WARN_RANGE_LOOP_ANALYSIS = YES;
				CLANG_WARN_STRICT_PROTOTYPES = YES;
				CLANG_WARN_SUSPICIOUS_MOVE = YES;
				CLANG_WARN_UNGUARDED_AVAILABILITY = YES_AGGRESSIVE;
				CLANG_WARN_UNREACHABLE_CODE = YES;
				CLANG_WARN__DUPLICATE_METHOD_MATCH = YES;
				CODE_SIGN_IDENTITY = "iPhone Developer";
				COPY_PHASE_STRIP = NO;
				DEBUG_INFORMATION_FORMAT = dwarf;
				ENABLE_STRICT_OBJC_MSGSEND = YES;
				ENABLE_TESTABILITY = YES;
				GCC_C_LANGUAGE_STANDARD = gnu11;
				GCC_DYNAMIC_NO_PIC = NO;
				GCC_NO_COMMON_BLOCKS = YES;
				GCC_OPTIMIZATION_LEVEL = 0;
				GCC_PREPROCESSOR_DEFINITIONS = (
					"DEBUG=1",
					"$(inherited)",
				);
				GCC_WARN_64_TO_32_BIT_CONVERSION = YES;
				GCC_WARN_ABOUT_RETURN_TYPE = YES_ERROR;
				GCC_WARN_UNDECLARED_SELECTOR = YES;
				GCC_WARN_UNINITIALIZED_AUTOS = YES_AGGRESSIVE;
				GCC_WARN_UNUSED_FUNCTION = YES;
				GCC_WARN_UNUSED_VARIABLE = YES;
				IPHONEOS_DEPLOYMENT_TARGET = 11.4;
				MTL_ENABLE_DEBUG_INFO = YES;
				ONLY_ACTIVE_ARCH = YES;
				SDKROOT = iphoneos;
				SWIFT_ACTIVE_COMPILATION_CONDITIONS = DEBUG;
				SWIFT_OPTIMIZATION_LEVEL = "-Onone";
			};
			name = Debug;
		};
		E65BDADC20E4B9790045BFBF /* Release */ = {
			isa = XCBuildConfiguration;
			buildSettings = {
				ALWAYS_SEARCH_USER_PATHS = NO;
				CLANG_ANALYZER_NONNULL = YES;
				CLANG_ANALYZER_NUMBER_OBJECT_CONVERSION = YES_AGGRESSIVE;
				CLANG_CXX_LANGUAGE_STANDARD = "gnu++14";
				CLANG_CXX_LIBRARY = "libc++";
				CLANG_ENABLE_MODULES = YES;
				CLANG_ENABLE_OBJC_ARC = YES;
				CLANG_ENABLE_OBJC_WEAK = YES;
				CLANG_WARN_BLOCK_CAPTURE_AUTORELEASING = YES;
				CLANG_WARN_BOOL_CONVERSION = YES;
				CLANG_WARN_COMMA = YES;
				CLANG_WARN_CONSTANT_CONVERSION = YES;
				CLANG_WARN_DEPRECATED_OBJC_IMPLEMENTATIONS = YES;
				CLANG_WARN_DIRECT_OBJC_ISA_USAGE = YES_ERROR;
				CLANG_WARN_DOCUMENTATION_COMMENTS = YES;
				CLANG_WARN_EMPTY_BODY = YES;
				CLANG_WARN_ENUM_CONVERSION = YES;
				CLANG_WARN_INFINITE_RECURSION = YES;
				CLANG_WARN_INT_CONVERSION = YES;
				CLANG_WARN_NON_LITERAL_NULL_CONVERSION = YES;
				CLANG_WARN_OBJC_IMPLICIT_RETAIN_SELF = YES;
				CLANG_WARN_OBJC_LITERAL_CONVERSION = YES;
				CLANG_WARN_OBJC_ROOT_CLASS = YES_ERROR;
				CLANG_WARN_RANGE_LOOP_ANALYSIS = YES;
				CLANG_WARN_STRICT_PROTOTYPES = YES;
				CLANG_WARN_SUSPICIOUS_MOVE = YES;
				CLANG_WARN_UNGUARDED_AVAILABILITY = YES_AGGRESSIVE;
				CLANG_WARN_UNREACHABLE_CODE = YES;
				CLANG_WARN__DUPLICATE_METHOD_MATCH = YES;
				CODE_SIGN_IDENTITY = "iPhone Developer";
				COPY_PHASE_STRIP = NO;
				DEBUG_INFORMATION_FORMAT = "dwarf-with-dsym";
				ENABLE_NS_ASSERTIONS = NO;
				ENABLE_STRICT_OBJC_MSGSEND = YES;
				GCC_C_LANGUAGE_STANDARD = gnu11;
				GCC_NO_COMMON_BLOCKS = YES;
				GCC_WARN_64_TO_32_BIT_CONVERSION = YES;
				GCC_WARN_ABOUT_RETURN_TYPE = YES_ERROR;
				GCC_WARN_UNDECLARED_SELECTOR = YES;
				GCC_WARN_UNINITIALIZED_AUTOS = YES_AGGRESSIVE;
				GCC_WARN_UNUSED_FUNCTION = YES;
				GCC_WARN_UNUSED_VARIABLE = YES;
				IPHONEOS_DEPLOYMENT_TARGET = 11.4;
				MTL_ENABLE_DEBUG_INFO = NO;
				SDKROOT = iphoneos;
				SWIFT_COMPILATION_MODE = wholemodule;
				SWIFT_OPTIMIZATION_LEVEL = "-O";
				VALIDATE_PRODUCT = YES;
			};
			name = Release;
		};
		E65BDADE20E4B9790045BFBF /* Debug */ = {
			isa = XCBuildConfiguration;
			buildSettings = {
				ASSETCATALOG_COMPILER_APPICON_NAME = AppIcon;
				CODE_SIGN_STYLE = Automatic;
				DEVELOPMENT_TEAM = BVU3WW7EVB;
				INFOPLIST_FILE = asd/Info.plist;
				LD_RUNPATH_SEARCH_PATHS = (
					"$(inherited)",
					"@executable_path/Frameworks",
				);
				PRODUCT_BUNDLE_IDENTIFIER = com.AppleDeveloperAcademy.asd;
				PRODUCT_NAME = "$(TARGET_NAME)";
				SWIFT_VERSION = 4.0;
				TARGETED_DEVICE_FAMILY = "1,2";
			};
			name = Debug;
		};
		E65BDADF20E4B9790045BFBF /* Release */ = {
			isa = XCBuildConfiguration;
			buildSettings = {
				ASSETCATALOG_COMPILER_APPICON_NAME = AppIcon;
				CODE_SIGN_STYLE = Automatic;
				DEVELOPMENT_TEAM = BVU3WW7EVB;
				INFOPLIST_FILE = asd/Info.plist;
				LD_RUNPATH_SEARCH_PATHS = (
					"$(inherited)",
					"@executable_path/Frameworks",
				);
				PRODUCT_BUNDLE_IDENTIFIER = com.AppleDeveloperAcademy.asd;
				PRODUCT_NAME = "$(TARGET_NAME)";
				SWIFT_VERSION = 4.0;
				TARGETED_DEVICE_FAMILY = "1,2";
			};
			name = Release;
		};
/* End XCBuildConfiguration section */

/* Begin XCConfigurationList section */
		E65BDAC620E4B9780045BFBF /* Build configuration list for PBXProject "asd" */ = {
			isa = XCConfigurationList;
			buildConfigurations = (
				E65BDADB20E4B9790045BFBF /* Debug */,
				E65BDADC20E4B9790045BFBF /* Release */,
			);
			defaultConfigurationIsVisible = 0;
			defaultConfigurationName = Release;
		};
		E65BDADD20E4B9790045BFBF /* Build configuration list for PBXNativeTarget "asd" */ = {
			isa = XCConfigurationList;
			buildConfigurations = (
				E65BDADE20E4B9790045BFBF /* Debug */,
				E65BDADF20E4B9790045BFBF /* Release */,
			);
			defaultConfigurationIsVisible = 0;
			defaultConfigurationName = Release;
		};
/* End XCConfigurationList section */
	};
	rootObject = E65BDAC320E4B9780045BFBF /* Project object */;
}
